
Microsoft Visual Studio Solution File, Format Version 12.00
# Visual Studio 2013
VisualStudioVersion = 12.0.21005.1
MinimumVisualStudioVersion = 10.0.40219.1
Project("{FAE04EC0-301F-11D3-BF4B-00C04F79EFBC}") = "GreenMemory", "GreenMemory\GreenMemory.csproj", "{000955AD-2022-497F-B5D6-170A259CF583}"
EndProject
Project("{2150E333-8FDC-42A3-9474-1A3956D46DE8}") = "Solution Items", "Solution Items", "{B7670A85-E524-4133-AE10-39BBCAEA007C}"
	ProjectSection(SolutionItems) = preProject
		LICENSE = LICENSE
		README.md = README.md
	EndProjectSection
EndProject
Global
	GlobalSection(SolutionConfigurationPlatforms) = preSolution
		Debug|Any CPU = Debug|Any CPU
		Release|Any CPU = Release|Any CPU
	EndGlobalSection
	GlobalSection(ProjectConfigurationPlatforms) = postSolution
		{000955AD-2022-497F-B5D6-170A259CF583}.Debug|Any CPU.ActiveCfg = Debug|Any CPU
		{000955AD-2022-497F-B5D6-170A259CF583}.Debug|Any CPU.Build.0 = Debug|Any CPU
		{000955AD-2022-497F-B5D6-170A259CF583}.Release|Any CPU.ActiveCfg = Release|Any CPU
		{000955AD-2022-497F-B5D6-170A259CF583}.Release|Any CPU.Build.0 = Release|Any CPU
	EndGlobalSection
	GlobalSection(SolutionProperties) = preSolution
		HideSolutionNode = FALSE
	EndGlobalSection
EndGlobal
